
Microsoft Visual Studio Solution File, Format Version 12.00
# Visual Studio Version 16
VisualStudioVersion = 16.0.30104.148
MinimumVisualStudioVersion = 10.0.40219.1
Project("{FAE04EC0-301F-11D3-BF4B-00C04F79EFBC}") = "Routingg.WebUI", "Routingg.WebUI\Routingg.WebUI.csproj", "{1CDFC71B-DE3A-44C6-AA60-566C16CE2BB0}"
EndProject
Global
	GlobalSection(SolutionConfigurationPlatforms) = preSolution
		Debug|Any CPU = Debug|Any CPU
		Release|Any CPU = Release|Any CPU
	EndGlobalSection
	GlobalSection(ProjectConfigurationPlatforms) = postSolution
		{1CDFC71B-DE3A-44C6-AA60-566C16CE2BB0}.Debug|Any CPU.ActiveCfg = Debug|Any CPU
		{1CDFC71B-DE3A-44C6-AA60-566C16CE2BB0}.Debug|Any CPU.Build.0 = Debug|Any CPU
		{1CDFC71B-DE3A-44C6-AA60-566C16CE2BB0}.Release|Any CPU.ActiveCfg = Release|Any CPU
		{1CDFC71B-DE3A-44C6-AA60-566C16CE2BB0}.Release|Any CPU.Build.0 = Release|Any CPU
	EndGlobalSection
	GlobalSection(SolutionProperties) = preSolution
		HideSolutionNode = FALSE
	EndGlobalSection
	GlobalSection(ExtensibilityGlobals) = postSolution
		SolutionGuid = {F00542A8-8FFF-409D-958D-15C6131F2F4D}
	EndGlobalSection
EndGlobal
